{
  "version": 4,
  "terraform_version": "0.12.28",
  "serial": 548,
  "lineage": "9491f0ad-33b3-d992-6bae-805997ce5e99",
  "outputs": {},
  "resources": [
    {
      "module": "module.serviceadd",
      "mode": "data",
      "type": "aws_availability_zones",
      "name": "available",
      "provider": "module.serviceadd.provider.aws",
      "instances": [
        {
          "schema_version": 0,
          "attributes": {
            "all_availability_zones": null,
            "blacklisted_names": null,
            "blacklisted_zone_ids": null,
            "exclude_names": null,
            "exclude_zone_ids": null,
            "filter": null,
            "group_names": [
              "us-west-1"
            ],
            "id": "2020-07-09 17:24:07.0699349 +0000 UTC",
            "names": [
              "us-west-1a",
              "us-west-1c"
            ],
            "state": null,
            "zone_ids": [
              "usw1-az1",
              "usw1-az3"
            ]
          }
        }
      ]
    },
    {
      "module": "module.serviceadd",
      "mode": "data",
      "type": "aws_caller_identity",
      "name": "current",
      "provider": "module.serviceadd.provider.aws",
      "instances": [
        {
          "schema_version": 0,
          "attributes": {
            "account_id": "061520891697",
            "arn": "arn:aws:iam::061520891697:user/alison.chico",
            "id": "2020-07-09 17:24:07.7099352 +0000 UTC",
            "user_id": "AIDAQ4UXOJ4YYH25EXMO7"
          }
        }
      ]
    },
    {
      "module": "module.serviceadd",
      "mode": "managed",
      "type": "aws_cloudwatch_log_group",
      "name": "nginx",
      "provider": "module.serviceadd.provider.aws",
      "instances": [
        {
          "schema_version": 0,
          "attributes": {
            "arn": "arn:aws:logs:us-west-1:061520891697:log-group:applicationgm1:*",
            "id": "applicationgm1",
            "kms_key_id": "",
            "name": "applicationgm1",
            "name_prefix": null,
            "retention_in_days": 0,
            "tags": null
          },
          "private": "bnVsbA=="
        }
      ]
    },
    {
      "module": "module.serviceadd",
      "mode": "managed",
      "type": "aws_codebuild_project",
      "name": "nexwebapp",
      "provider": "module.serviceadd.provider.aws",
      "instances": [
        {
          "schema_version": 0,
          "attributes": {
            "arn": "arn:aws:codebuild:us-west-1:061520891697:project/applicationgm1",
            "artifacts": [
              {
                "artifact_identifier": "",
                "encryption_disabled": false,
                "location": "",
                "name": "applicationgm1",
                "namespace_type": "",
                "override_artifact_name": false,
                "packaging": "NONE",
                "path": "",
                "type": "CODEPIPELINE"
              }
            ],
            "badge_enabled": false,
            "badge_url": "",
            "build_timeout": 20,
            "cache": [
              {
                "location": "",
                "modes": [],
                "type": "NO_CACHE"
              }
            ],
            "description": "applicationgm1-docker build",
            "encryption_key": "arn:aws:kms:us-west-1:061520891697:alias/aws/s3",
            "environment": [
              {
                "certificate": "",
                "compute_type": "BUILD_GENERAL1_SMALL",
                "environment_variable": [
                  {
                    "name": "AWS_DEFAULT_REGION",
                    "type": "PLAINTEXT",
                    "value": "us-west-1"
                  },
                  {
                    "name": "AWS_ACCOUNT_ID",
                    "type": "PLAINTEXT",
                    "value": "061520891697"
                  },
                  {
                    "name": "IMAGE_REPO_NAME",
                    "type": "PLAINTEXT",
                    "value": "applicationgm1"
                  }
                ],
                "image": "aws/codebuild/docker:18.09.0",
                "image_pull_credentials_type": "CODEBUILD",
                "privileged_mode": true,
                "registry_credential": [],
                "type": "LINUX_CONTAINER"
              }
            ],
            "id": "arn:aws:codebuild:us-west-1:061520891697:project/applicationgm1",
            "logs_config": [
              {
                "cloudwatch_logs": [
                  {
                    "group_name": "",
                    "status": "ENABLED",
                    "stream_name": ""
                  }
                ],
                "s3_logs": [
                  {
                    "encryption_disabled": false,
                    "location": "",
                    "status": "DISABLED"
                  }
                ]
              }
            ],
            "name": "applicationgm1",
            "queued_timeout": 480,
            "secondary_artifacts": [],
            "secondary_sources": [],
            "service_role": "arn:aws:iam::061520891697:role/nexwebapp-codebuild",
            "source": [
              {
                "auth": [],
                "buildspec": "buildspec.yml",
                "git_clone_depth": 0,
                "git_submodules_config": [],
                "insecure_ssl": false,
                "location": "",
                "report_build_status": false,
                "type": "CODEPIPELINE"
              }
            ],
            "source_version": "",
            "tags": null,
            "vpc_config": []
          },
          "private": "bnVsbA==",
          "dependencies": [
            "module.serviceadd.aws_ecr_repository.nexwebapp"
          ]
        }
      ]
    },
    {
      "module": "module.serviceadd",
      "mode": "managed",
      "type": "aws_codebuild_source_credential",
      "name": "example1",
      "provider": "module.serviceadd.provider.aws",
      "instances": [
        {
          "schema_version": 0,
          "attributes": {
            "arn": "arn:aws:codebuild:us-west-1:061520891697:token/github",
            "auth_type": "PERSONAL_ACCESS_TOKEN",
            "id": "arn:aws:codebuild:us-west-1:061520891697:token/github",
            "server_type": "GITHUB",
            "token": "adb6bfc292d0c12986f4721e84c93b01dbaa6410",
            "user_name": null
          },
          "private": "bnVsbA=="
        }
      ]
    },
    {
      "module": "module.serviceadd",
      "mode": "managed",
      "type": "aws_codedeploy_app",
      "name": "nexwebapp",
      "provider": "module.serviceadd.provider.aws",
      "instances": [
        {
          "schema_version": 0,
          "attributes": {
            "compute_platform": "ECS",
            "id": "8b37fca6-b021-4ba1-bf67-1868ec03a3f3:applicationgm1",
            "name": "applicationgm1",
            "unique_id": null
          },
          "private": "bnVsbA=="
        }
      ]
    },
    {
      "module": "module.serviceadd",
      "mode": "managed",
      "type": "aws_codedeploy_deployment_group",
      "name": "nexwebapp",
      "provider": "module.serviceadd.provider.aws",
      "instances": [
        {
          "schema_version": 0,
          "attributes": {
            "alarm_configuration": [],
            "app_name": "applicationgm1",
            "auto_rollback_configuration": [
              {
                "enabled": true,
                "events": [
                  "DEPLOYMENT_FAILURE"
                ]
              }
            ],
            "autoscaling_groups": null,
            "blue_green_deployment_config": [
              {
                "deployment_ready_option": [
                  {
                    "action_on_timeout": "CONTINUE_DEPLOYMENT",
                    "wait_time_in_minutes": 0
                  }
                ],
                "green_fleet_provisioning_option": [],
                "terminate_blue_instances_on_deployment_success": [
                  {
                    "action": "TERMINATE",
                    "termination_wait_time_in_minutes": 5
                  }
                ]
              }
            ],
            "deployment_config_name": "CodeDeployDefault.ECSAllAtOnce",
            "deployment_group_name": "applicationgm1",
            "deployment_style": [
              {
                "deployment_option": "WITH_TRAFFIC_CONTROL",
                "deployment_type": "BLUE_GREEN"
              }
            ],
            "ec2_tag_filter": [],
            "ec2_tag_set": [],
            "ecs_service": [
              {
                "cluster_name": "nexwebapp",
                "service_name": "applicationgm1"
              }
            ],
            "id": "6210b52d-345f-4c6d-af52-44cf42d5a3c6",
            "load_balancer_info": [
              {
                "elb_info": [],
                "target_group_info": [],
                "target_group_pair_info": [
                  {
                    "prod_traffic_route": [
                      {
                        "listener_arns": [
                          "arn:aws:elasticloadbalancing:us-west-1:061520891697:listener/app/nexwebapp/889dc0504eba576e/8a6d98a2cf02dbba"
                        ]
                      }
                    ],
                    "target_group": [
                      {
                        "name": "applicationgm1-http-blue"
                      },
                      {
                        "name": "applicationgm1-http-green"
                      }
                    ],
                    "test_traffic_route": []
                  }
                ]
              }
            ],
            "on_premises_instance_tag_filter": [],
            "service_role_arn": "arn:aws:iam::061520891697:role/nexwebapp-codedeploy",
            "trigger_configuration": []
          },
          "private": "bnVsbA==",
          "dependencies": [
            "module.serviceadd.aws_ecr_repository.nexwebapp",
            "module.serviceadd.aws_ecs_service.nexwebapp",
            "module.serviceadd.aws_ecs_task_definition.nexwebap",
            "module.serviceadd.aws_lb_listener_rule.static",
            "module.serviceadd.aws_lb_target_group.nexwebapp-blue",
            "module.serviceadd.aws_lb_target_group.nexwebapp-green"
          ]
        }
      ]
    },
    {
      "module": "module.serviceadd",
      "mode": "managed",
      "type": "aws_codepipeline",
      "name": "nexwebapp",
      "provider": "module.serviceadd.provider.aws",
      "instances": [
        {
          "schema_version": 0,
          "attributes": {
            "arn": "arn:aws:codepipeline:us-west-1:061520891697:applicationgm1",
            "artifact_store": [
              {
                "encryption_key": [],
                "location": "nexwebapp-artifacts-tbxvga0y",
                "region": "",
                "type": "S3"
              }
            ],
            "id": "applicationgm1",
            "name": "applicationgm1",
            "role_arn": "arn:aws:iam::061520891697:role/nexwebapp-codepipeline",
            "stage": [
              {
                "action": [
                  {
                    "category": "Source",
                    "configuration": {
                      "Branch": "master",
                      "Owner": "devopsrajpurohit",
                      "Repo": "NexSimpleDockerWebApp"
                    },
                    "input_artifacts": null,
                    "name": "Source",
                    "namespace": "",
                    "output_artifacts": [
                      "applicationgm1-source"
                    ],
                    "owner": "ThirdParty",
                    "provider": "GitHub",
                    "region": "",
                    "role_arn": "",
                    "run_order": 1,
                    "version": "1"
                  }
                ],
                "name": "Source"
              },
              {
                "action": [
                  {
                    "category": "Build",
                    "configuration": {
                      "ProjectName": "applicationgm1"
                    },
                    "input_artifacts": [
                      "applicationgm1-source"
                    ],
                    "name": "Build",
                    "namespace": "",
                    "output_artifacts": [
                      "applicationgm1-build"
                    ],
                    "owner": "AWS",
                    "provider": "CodeBuild",
                    "region": "",
                    "role_arn": "",
                    "run_order": 1,
                    "version": "1"
                  }
                ],
                "name": "Build"
              },
              {
                "action": [
                  {
                    "category": "Deploy",
                    "configuration": {
                      "AppSpecTemplateArtifact": "applicationgm1-build",
                      "ApplicationName": "applicationgm1",
                      "DeploymentGroupName": "applicationgm1",
                      "TaskDefinitionTemplateArtifact": "applicationgm1-build"
                    },
                    "input_artifacts": [
                      "applicationgm1-build"
                    ],
                    "name": "DeployToECS",
                    "namespace": "",
                    "output_artifacts": null,
                    "owner": "AWS",
                    "provider": "CodeDeployToECS",
                    "region": "",
                    "role_arn": "",
                    "run_order": 1,
                    "version": "1"
                  }
                ],
                "name": "Deploy"
              }
            ],
            "tags": null
          },
          "private": "bnVsbA==",
          "dependencies": [
            "module.serviceadd.aws_codedeploy_app.nexwebapp",
            "module.serviceadd.aws_codedeploy_deployment_group.nexwebapp",
            "module.serviceadd.aws_ecr_repository.nexwebapp",
            "module.serviceadd.aws_ecs_service.nexwebapp",
            "module.serviceadd.aws_ecs_task_definition.nexwebap",
            "module.serviceadd.aws_lb_listener_rule.static",
            "module.serviceadd.aws_lb_target_group.nexwebapp-blue",
            "module.serviceadd.aws_lb_target_group.nexwebapp-green"
          ]
        }
      ]
    },
    {
      "module": "module.serviceadd",
      "mode": "managed",
      "type": "aws_ecr_repository",
      "name": "nexwebapp",
      "provider": "module.serviceadd.provider.aws",
      "instances": [
        {
          "schema_version": 0,
          "attributes": {
            "arn": "arn:aws:ecr:us-west-1:061520891697:repository/applicationgm1",
            "id": "applicationgm1",
            "image_scanning_configuration": [
              {
                "scan_on_push": false
              }
            ],
            "image_tag_mutability": "MUTABLE",
            "name": "applicationgm1",
            "registry_id": "061520891697",
            "repository_url": "061520891697.dkr.ecr.us-west-1.amazonaws.com/applicationgm1",
            "tags": null,
            "timeouts": null
          },
          "private": "eyJlMmJmYjczMC1lY2FhLTExZTYtOGY4OC0zNDM2M2JjN2M0YzAiOnsiZGVsZXRlIjoxMjAwMDAwMDAwMDAwfX0="
        }
      ]
    },
    {
      "module": "module.serviceadd",
      "mode": "managed",
      "type": "aws_ecs_service",
      "name": "nexwebapp",
      "provider": "module.serviceadd.provider.aws",
      "instances": [
        {
          "schema_version": 0,
          "attributes": {
            "capacity_provider_strategy": [],
            "cluster": "arn:aws:ecs:us-west-1:061520891697:cluster/nexwebapp",
            "deployment_controller": [
              {
                "type": "CODE_DEPLOY"
              }
            ],
            "deployment_maximum_percent": 200,
            "deployment_minimum_healthy_percent": 100,
            "desired_count": 1,
            "enable_ecs_managed_tags": false,
            "force_new_deployment": null,
            "health_check_grace_period_seconds": 0,
            "iam_role": "aws-service-role",
            "id": "arn:aws:ecs:us-west-1:061520891697:service/applicationgm1",
            "launch_type": "FARGATE",
            "load_balancer": [
              {
                "container_name": "applicationgm1",
                "container_port": 80,
                "elb_name": "",
                "target_group_arn": "arn:aws:elasticloadbalancing:us-west-1:061520891697:targetgroup/applicationgm1-http-blue/a69b61ddcea417df"
              }
            ],
            "name": "applicationgm1",
            "network_configuration": [
              {
                "assign_public_ip": true,
                "security_groups": [
                  "sg-02995e87e5dd8c060"
                ],
                "subnets": [
                  "subnet-060c76623c920c538",
                  "subnet-0b3008185ef32cf58"
                ]
              }
            ],
            "ordered_placement_strategy": [],
            "placement_constraints": [],
            "placement_strategy": [],
            "platform_version": "1.3.0",
            "propagate_tags": "NONE",
            "scheduling_strategy": "REPLICA",
            "service_registries": [],
            "tags": null,
            "task_definition": "arn:aws:ecs:us-west-1:061520891697:task-definition/applicationgm1:34",
            "timeouts": null
          },
          "private": "eyJlMmJmYjczMC1lY2FhLTExZTYtOGY4OC0zNDM2M2JjN2M0YzAiOnsiZGVsZXRlIjoxMjAwMDAwMDAwMDAwfX0=",
          "dependencies": [
            "module.serviceadd.aws_ecr_repository.nexwebapp",
            "module.serviceadd.aws_ecs_task_definition.nexwebap",
            "module.serviceadd.aws_lb_listener_rule.static",
            "module.serviceadd.aws_lb_target_group.nexwebapp-blue",
            "module.serviceadd.aws_lb_target_group.nexwebapp-green"
          ]
        }
      ]
    },
    {
      "module": "module.serviceadd",
      "mode": "managed",
      "type": "aws_ecs_task_definition",
      "name": "nexwebap",
      "provider": "module.serviceadd.provider.aws",
      "instances": [
        {
          "schema_version": 1,
          "attributes": {
            "arn": "arn:aws:ecs:us-west-1:061520891697:task-definition/applicationgm1:34",
            "container_definitions": "[{\"cpu\":0,\"environment\":[{\"name\":\"RDS_HOST\",\"value\":\"nexwebapp.cluster-cne3z6hmyfpn.us-west-1.rds.amazonaws.com\"},{\"name\":\"RDS_Password\",\"value\":\"nexwebapp\"},{\"name\":\"RDS_Username\",\"value\":\"nexwebapp\"},{\"name\":\"Redis_Host\",\"value\":\"nexwebapp.60h3uj.0001.usw1.cache.amazonaws.com\"}],\"essential\":true,\"healthCheck\":{\"command\":[\"CMD-SHELL\",\"echo hi || exit 1\"],\"interval\":30,\"retries\":3,\"timeout\":5},\"image\":\"061520891697.dkr.ecr.us-west-1.amazonaws.com/applicationgm1\",\"logConfiguration\":{\"logDriver\":\"awslogs\",\"options\":{\"awslogs-group\":\"applicationgm1\",\"awslogs-region\":\"us-west-1\",\"awslogs-stream-prefix\":\"ecs\"}},\"mountPoints\":[],\"name\":\"applicationgm1\",\"portMappings\":[{\"containerPort\":80,\"hostPort\":80,\"protocol\":\"tcp\"}],\"secrets\":[],\"volumesFrom\":[]}]",
            "cpu": "256",
            "execution_role_arn": "arn:aws:iam::061520891697:role/ecs-task-execution-role",
            "family": "applicationgm1",
            "id": "applicationgm1",
            "inference_accelerator": [],
            "ipc_mode": "",
            "memory": "512",
            "network_mode": "awsvpc",
            "pid_mode": "",
            "placement_constraints": [],
            "proxy_configuration": [],
            "requires_compatibilities": [
              "FARGATE"
            ],
            "revision": 34,
            "tags": null,
            "task_role_arn": "arn:aws:iam::061520891697:role/ecs-nexwebapp-task-role",
            "volume": []
          },
          "private": "eyJzY2hlbWFfdmVyc2lvbiI6IjEifQ==",
          "dependencies": [
            "module.serviceadd.aws_ecr_repository.nexwebapp"
          ]
        }
      ]
    },
    {
      "module": "module.serviceadd",
      "mode": "managed",
      "type": "aws_lb_listener_rule",
      "name": "static",
      "provider": "module.serviceadd.provider.aws",
      "instances": [
        {
          "schema_version": 0,
          "attributes": {
            "action": [
              {
                "authenticate_cognito": [],
                "authenticate_oidc": [],
                "fixed_response": [],
                "forward": [
                  {
                    "stickiness": [
                      {
                        "duration": 0,
                        "enabled": false
                      }
                    ],
                    "target_group": [
                      {
                        "arn": "arn:aws:elasticloadbalancing:us-west-1:061520891697:targetgroup/applicationgm1-http-blue/a69b61ddcea417df",
                        "weight": 100
                      },
                      {
                        "arn": "arn:aws:elasticloadbalancing:us-west-1:061520891697:targetgroup/applicationgm1-http-green/1acad41792c320ba",
                        "weight": 0
                      }
                    ]
                  }
                ],
                "order": 1,
                "redirect": [],
                "target_group_arn": "",
                "type": "forward"
              }
            ],
            "arn": "arn:aws:elasticloadbalancing:us-west-1:061520891697:listener-rule/app/nexwebapp/889dc0504eba576e/8a6d98a2cf02dbba/4a61b0e50e671973",
            "condition": [
              {
                "field": "path-pattern",
                "host_header": [],
                "http_header": [],
                "http_request_method": [],
                "path_pattern": [
                  {
                    "values": [
                      "/privacy"
                    ]
                  }
                ],
                "query_string": [],
                "source_ip": [],
                "values": [
                  "/privacy"
                ]
              }
            ],
            "id": "arn:aws:elasticloadbalancing:us-west-1:061520891697:listener-rule/app/nexwebapp/889dc0504eba576e/8a6d98a2cf02dbba/4a61b0e50e671973",
            "listener_arn": "arn:aws:elasticloadbalancing:us-west-1:061520891697:listener/app/nexwebapp/889dc0504eba576e/8a6d98a2cf02dbba",
            "priority": 100
          },
          "private": "bnVsbA==",
          "dependencies": [
            "module.serviceadd.aws_lb_target_group.nexwebapp-blue",
            "module.serviceadd.aws_lb_target_group.nexwebapp-green"
          ]
        }
      ]
    },
    {
      "module": "module.serviceadd",
      "mode": "managed",
      "type": "aws_lb_target_group",
      "name": "nexwebapp-blue",
      "provider": "module.serviceadd.provider.aws",
      "instances": [
        {
          "schema_version": 0,
          "attributes": {
            "arn": "arn:aws:elasticloadbalancing:us-west-1:061520891697:targetgroup/applicationgm1-http-blue/a69b61ddcea417df",
            "arn_suffix": "targetgroup/applicationgm1-http-blue/a69b61ddcea417df",
            "deregistration_delay": 30,
            "health_check": [
              {
                "enabled": true,
                "healthy_threshold": 2,
                "interval": 30,
                "matcher": "200",
                "path": "/",
                "port": "traffic-port",
                "protocol": "HTTP",
                "timeout": 5,
                "unhealthy_threshold": 2
              }
            ],
            "id": "arn:aws:elasticloadbalancing:us-west-1:061520891697:targetgroup/applicationgm1-http-blue/a69b61ddcea417df",
            "lambda_multi_value_headers_enabled": false,
            "load_balancing_algorithm_type": "round_robin",
            "name": "applicationgm1-http-blue",
            "name_prefix": null,
            "port": 80,
            "protocol": "HTTP",
            "proxy_protocol_v2": false,
            "slow_start": 0,
            "stickiness": [
              {
                "cookie_duration": 86400,
                "enabled": false,
                "type": "lb_cookie"
              }
            ],
            "tags": null,
            "target_type": "ip",
            "vpc_id": "vpc-012d2415a9a406c9a"
          },
          "private": "bnVsbA=="
        }
      ]
    },
    {
      "module": "module.serviceadd",
      "mode": "managed",
      "type": "aws_lb_target_group",
      "name": "nexwebapp-green",
      "provider": "module.serviceadd.provider.aws",
      "instances": [
        {
          "schema_version": 0,
          "attributes": {
            "arn": "arn:aws:elasticloadbalancing:us-west-1:061520891697:targetgroup/applicationgm1-http-green/1acad41792c320ba",
            "arn_suffix": "targetgroup/applicationgm1-http-green/1acad41792c320ba",
            "deregistration_delay": 30,
            "health_check": [
              {
                "enabled": true,
                "healthy_threshold": 2,
                "interval": 30,
                "matcher": "200",
                "path": "/",
                "port": "traffic-port",
                "protocol": "HTTP",
                "timeout": 5,
                "unhealthy_threshold": 2
              }
            ],
            "id": "arn:aws:elasticloadbalancing:us-west-1:061520891697:targetgroup/applicationgm1-http-green/1acad41792c320ba",
            "lambda_multi_value_headers_enabled": false,
            "load_balancing_algorithm_type": "round_robin",
            "name": "applicationgm1-http-green",
            "name_prefix": null,
            "port": 80,
            "protocol": "HTTP",
            "proxy_protocol_v2": false,
            "slow_start": 0,
            "stickiness": [
              {
                "cookie_duration": 86400,
                "enabled": false,
                "type": "lb_cookie"
              }
            ],
            "tags": null,
            "target_type": "ip",
            "vpc_id": "vpc-012d2415a9a406c9a"
          },
          "private": "bnVsbA=="
        }
      ]
    }
  ]
}
